
Microsoft Visual Studio Solution File, Format Version 12.00
Project("{F2A71F9B-5D33-465A-A702-920D77279786}") = "λ-interpreter", "λ-interpreter\λ-interpreter.fsproj", "{1A19455B-41A6-44E6-B9DB-67BC637975E2}"
EndProject
Project("{F2A71F9B-5D33-465A-A702-920D77279786}") = "λ-interpreter.Tests", "λ-interpreter.Tests\λ-interpreter.Tests.fsproj", "{F092E1D7-0EB2-497A-88FA-91B2B0F74414}"
EndProject
Global
	GlobalSection(SolutionConfigurationPlatforms) = preSolution
		Debug|Any CPU = Debug|Any CPU
		Release|Any CPU = Release|Any CPU
	EndGlobalSection
	GlobalSection(ProjectConfigurationPlatforms) = postSolution
		{1A19455B-41A6-44E6-B9DB-67BC637975E2}.Debug|Any CPU.ActiveCfg = Debug|Any CPU
		{1A19455B-41A6-44E6-B9DB-67BC637975E2}.Debug|Any CPU.Build.0 = Debug|Any CPU
		{1A19455B-41A6-44E6-B9DB-67BC637975E2}.Release|Any CPU.ActiveCfg = Release|Any CPU
		{1A19455B-41A6-44E6-B9DB-67BC637975E2}.Release|Any CPU.Build.0 = Release|Any CPU
		{F092E1D7-0EB2-497A-88FA-91B2B0F74414}.Debug|Any CPU.ActiveCfg = Debug|Any CPU
		{F092E1D7-0EB2-497A-88FA-91B2B0F74414}.Debug|Any CPU.Build.0 = Debug|Any CPU
		{F092E1D7-0EB2-497A-88FA-91B2B0F74414}.Release|Any CPU.ActiveCfg = Release|Any CPU
		{F092E1D7-0EB2-497A-88FA-91B2B0F74414}.Release|Any CPU.Build.0 = Release|Any CPU
	EndGlobalSection
EndGlobal
